
Microsoft Visual Studio Solution File, Format Version 12.00
# Visual Studio 14
VisualStudioVersion = 14.0.25123.0
MinimumVisualStudioVersion = 10.0.40219.1
Project("{2150E333-8FDC-42A3-9474-1A3956D46DE8}") = "src", "src", "{C23ABA50-98BF-4132-B6F6-43605AD05B0F}"
EndProject
Project("{2150E333-8FDC-42A3-9474-1A3956D46DE8}") = "Solution Items", "Solution Items", "{BCDEFAE7-02D5-49F6-9054-511C7B472A27}"
	ProjectSection(SolutionItems) = preProject
		global.json = global.json
	EndProjectSection
EndProject
Project("{8BB2217D-0F2D-49D1-97BC-3654ED321F3B}") = "React", "src\React\React.xproj", "{A9424E07-13A1-49AF-BE65-EBCE6B4F343A}"
EndProject
Global
	GlobalSection(SolutionConfigurationPlatforms) = preSolution
		Debug|Any CPU = Debug|Any CPU
		Release|Any CPU = Release|Any CPU
	EndGlobalSection
	GlobalSection(ProjectConfigurationPlatforms) = postSolution
		{A9424E07-13A1-49AF-BE65-EBCE6B4F343A}.Debug|Any CPU.ActiveCfg = Debug|Any CPU
		{A9424E07-13A1-49AF-BE65-EBCE6B4F343A}.Debug|Any CPU.Build.0 = Debug|Any CPU
		{A9424E07-13A1-49AF-BE65-EBCE6B4F343A}.Release|Any CPU.ActiveCfg = Release|Any CPU
		{A9424E07-13A1-49AF-BE65-EBCE6B4F343A}.Release|Any CPU.Build.0 = Release|Any CPU
	EndGlobalSection
	GlobalSection(SolutionProperties) = preSolution
		HideSolutionNode = FALSE
	EndGlobalSection
	GlobalSection(NestedProjects) = preSolution
		{A9424E07-13A1-49AF-BE65-EBCE6B4F343A} = {C23ABA50-98BF-4132-B6F6-43605AD05B0F}
	EndGlobalSection
EndGlobal
